
Microsoft Visual Studio Solution File, Format Version 12.00
# Visual Studio 15
VisualStudioVersion = 15.0.27703.2000
MinimumVisualStudioVersion = 10.0.40219.1
Project("{8BC9CEB8-8B4A-11D0-8D11-00A0C91BC942}") = "Courier", "Courier\Courier.vcxproj", "{075E5DA7-6A1D-4CB4-B940-394CE1CBF12E}"
EndProject
Global
	GlobalSection(SolutionConfigurationPlatforms) = preSolution
		Debug|x64 = Debug|x64
		Debug|x86 = Debug|x86
		Release|x64 = Release|x64
		Release|x86 = Release|x86
	EndGlobalSection
	GlobalSection(ProjectConfigurationPlatforms) = postSolution
		{075E5DA7-6A1D-4CB4-B940-394CE1CBF12E}.Debug|x64.ActiveCfg = Debug|x64
		{075E5DA7-6A1D-4CB4-B940-394CE1CBF12E}.Debug|x64.Build.0 = Debug|x64
		{075E5DA7-6A1D-4CB4-B940-394CE1CBF12E}.Debug|x86.ActiveCfg = Debug|Win32
		{075E5DA7-6A1D-4CB4-B940-394CE1CBF12E}.Debug|x86.Build.0 = Debug|Win32
		{075E5DA7-6A1D-4CB4-B940-394CE1CBF12E}.Release|x64.ActiveCfg = Release|x64
		{075E5DA7-6A1D-4CB4-B940-394CE1CBF12E}.Release|x64.Build.0 = Release|x64
		{075E5DA7-6A1D-4CB4-B940-394CE1CBF12E}.Release|x86.ActiveCfg = Release|Win32
		{075E5DA7-6A1D-4CB4-B940-394CE1CBF12E}.Release|x86.Build.0 = Release|Win32
	EndGlobalSection
	GlobalSection(SolutionProperties) = preSolution
		HideSolutionNode = FALSE
	EndGlobalSection
	GlobalSection(ExtensibilityGlobals) = postSolution
		SolutionGuid = {67C5621B-7A05-4402-9442-AC605616DF37}
	EndGlobalSection
EndGlobal
